
Microsoft Visual Studio Solution File, Format Version 12.00
# Visual Studio Version 16
VisualStudioVersion = 16.0.30709.64
MinimumVisualStudioVersion = 10.0.40219.1
Project("{FAE04EC0-301F-11D3-BF4B-00C04F79EFBC}") = "SourceGenTest", "SourceGenTest\SourceGenTest.csproj", "{D86AB4A0-A5EF-4128-BFE5-27BCEEB1ED34}"
EndProject
Global
	GlobalSection(SolutionConfigurationPlatforms) = preSolution
		Debug|Any CPU = Debug|Any CPU
		Release|Any CPU = Release|Any CPU
	EndGlobalSection
	GlobalSection(ProjectConfigurationPlatforms) = postSolution
		{D86AB4A0-A5EF-4128-BFE5-27BCEEB1ED34}.Debug|Any CPU.ActiveCfg = Debug|Any CPU
		{D86AB4A0-A5EF-4128-BFE5-27BCEEB1ED34}.Debug|Any CPU.Build.0 = Debug|Any CPU
		{D86AB4A0-A5EF-4128-BFE5-27BCEEB1ED34}.Release|Any CPU.ActiveCfg = Release|Any CPU
		{D86AB4A0-A5EF-4128-BFE5-27BCEEB1ED34}.Release|Any CPU.Build.0 = Release|Any CPU
	EndGlobalSection
	GlobalSection(SolutionProperties) = preSolution
		HideSolutionNode = FALSE
	EndGlobalSection
	GlobalSection(ExtensibilityGlobals) = postSolution
		SolutionGuid = {00753BC4-AA1A-477D-98DA-EEE83380F8C9}
	EndGlobalSection
EndGlobal
